
Microsoft Visual Studio Solution File, Format Version 12.00
# Visual Studio Version 17
VisualStudioVersion = 17.3.32811.315
MinimumVisualStudioVersion = 10.0.40219.1
Project("{9A19103F-16F7-4668-BE54-9A1E7A4F7556}") = "Cooking.ConsoleApp", "Cooking.ConsoleApp\Cooking.ConsoleApp.csproj", "{5CDCD649-FF31-4657-B30E-C0483E530DE0}"
EndProject
Project("{9A19103F-16F7-4668-BE54-9A1E7A4F7556}") = "Cooking.CookingApp", "Cooking.CookingApp\Cooking.CookingApp.csproj", "{DB1D59D3-CCA1-4847-A8BF-6FEBB60E8B9F}"
EndProject
Project("{9A19103F-16F7-4668-BE54-9A1E7A4F7556}") = "Cooking.Domain", "Cooking.Domain\Cooking.Domain.csproj", "{F44EB2B2-67FF-4907-A910-C98E2E65D385}"
EndProject
Project("{FAE04EC0-301F-11D3-BF4B-00C04F79EFBC}") = "Cooking.DataAccess", "Cooking.DataAccess\Cooking.DataAccess.csproj", "{1034A71F-5AE1-4185-99CE-ABBE5D04C133}"
EndProject
Global
	GlobalSection(SolutionConfigurationPlatforms) = preSolution
		Debug|Any CPU = Debug|Any CPU
		Release|Any CPU = Release|Any CPU
	EndGlobalSection
	GlobalSection(ProjectConfigurationPlatforms) = postSolution
		{5CDCD649-FF31-4657-B30E-C0483E530DE0}.Debug|Any CPU.ActiveCfg = Debug|Any CPU
		{5CDCD649-FF31-4657-B30E-C0483E530DE0}.Debug|Any CPU.Build.0 = Debug|Any CPU
		{5CDCD649-FF31-4657-B30E-C0483E530DE0}.Release|Any CPU.ActiveCfg = Release|Any CPU
		{5CDCD649-FF31-4657-B30E-C0483E530DE0}.Release|Any CPU.Build.0 = Release|Any CPU
		{DB1D59D3-CCA1-4847-A8BF-6FEBB60E8B9F}.Debug|Any CPU.ActiveCfg = Debug|Any CPU
		{DB1D59D3-CCA1-4847-A8BF-6FEBB60E8B9F}.Debug|Any CPU.Build.0 = Debug|Any CPU
		{DB1D59D3-CCA1-4847-A8BF-6FEBB60E8B9F}.Debug|Any CPU.Deploy.0 = Debug|Any CPU
		{DB1D59D3-CCA1-4847-A8BF-6FEBB60E8B9F}.Release|Any CPU.ActiveCfg = Release|Any CPU
		{DB1D59D3-CCA1-4847-A8BF-6FEBB60E8B9F}.Release|Any CPU.Build.0 = Release|Any CPU
		{DB1D59D3-CCA1-4847-A8BF-6FEBB60E8B9F}.Release|Any CPU.Deploy.0 = Release|Any CPU
		{F44EB2B2-67FF-4907-A910-C98E2E65D385}.Debug|Any CPU.ActiveCfg = Debug|Any CPU
		{F44EB2B2-67FF-4907-A910-C98E2E65D385}.Debug|Any CPU.Build.0 = Debug|Any CPU
		{F44EB2B2-67FF-4907-A910-C98E2E65D385}.Release|Any CPU.ActiveCfg = Release|Any CPU
		{F44EB2B2-67FF-4907-A910-C98E2E65D385}.Release|Any CPU.Build.0 = Release|Any CPU
		{1034A71F-5AE1-4185-99CE-ABBE5D04C133}.Debug|Any CPU.ActiveCfg = Debug|Any CPU
		{1034A71F-5AE1-4185-99CE-ABBE5D04C133}.Debug|Any CPU.Build.0 = Debug|Any CPU
		{1034A71F-5AE1-4185-99CE-ABBE5D04C133}.Release|Any CPU.ActiveCfg = Release|Any CPU
		{1034A71F-5AE1-4185-99CE-ABBE5D04C133}.Release|Any CPU.Build.0 = Release|Any CPU
	EndGlobalSection
	GlobalSection(SolutionProperties) = preSolution
		HideSolutionNode = FALSE
	EndGlobalSection
	GlobalSection(ExtensibilityGlobals) = postSolution
		SolutionGuid = {0FEBD826-BCD5-4FDE-B7E1-9FF42C15CE9E}
	EndGlobalSection
EndGlobal
